
Microsoft Visual Studio Solution File, Format Version 12.00
# Visual Studio 14
VisualStudioVersion = 14.0.25123.0
MinimumVisualStudioVersion = 10.0.40219.1
Project("{3DF8E2DC-53D2-4394-A535-4BF83F8FC983}") = "Sitecore.Support.154851.156878", "Sitecore.Support.154851.156878\Sitecore.Support.154851.156878.csproj", "{56DA587A-411B-4A86-81D3-5A472A379E0E}"
EndProject
Global
	GlobalSection(SolutionConfigurationPlatforms) = preSolution
		Debug|Any CPU = Debug|Any CPU
		Release|Any CPU = Release|Any CPU
	EndGlobalSection
	GlobalSection(ProjectConfigurationPlatforms) = postSolution
		{56DA587A-411B-4A86-81D3-5A472A379E0E}.Debug|Any CPU.ActiveCfg = Debug|Any CPU
		{56DA587A-411B-4A86-81D3-5A472A379E0E}.Debug|Any CPU.Build.0 = Debug|Any CPU
		{56DA587A-411B-4A86-81D3-5A472A379E0E}.Release|Any CPU.ActiveCfg = Release|Any CPU
		{56DA587A-411B-4A86-81D3-5A472A379E0E}.Release|Any CPU.Build.0 = Release|Any CPU
	EndGlobalSection
	GlobalSection(SolutionProperties) = preSolution
		HideSolutionNode = FALSE
	EndGlobalSection
EndGlobal
